
Microsoft Visual Studio Solution File, Format Version 12.00
# Visual Studio 15
VisualStudioVersion = 15.0.27703.2042
MinimumVisualStudioVersion = 10.0.40219.1
Project("{FAE04EC0-301F-11D3-BF4B-00C04F79EFBC}") = "Why I need to do a UNDERTALE Standalone Patcher", "Why I need to do a UNDERTALE Standalone Patcher\Why I need to do a UNDERTALE Standalone Patcher.csproj", "{34329947-C2C4-452E-B911-20720110DF9B}"
EndProject
Global
	GlobalSection(SolutionConfigurationPlatforms) = preSolution
		Debug|Any CPU = Debug|Any CPU
		Release|Any CPU = Release|Any CPU
	EndGlobalSection
	GlobalSection(ProjectConfigurationPlatforms) = postSolution
		{34329947-C2C4-452E-B911-20720110DF9B}.Debug|Any CPU.ActiveCfg = Debug|Any CPU
		{34329947-C2C4-452E-B911-20720110DF9B}.Debug|Any CPU.Build.0 = Debug|Any CPU
		{34329947-C2C4-452E-B911-20720110DF9B}.Release|Any CPU.ActiveCfg = Release|Any CPU
		{34329947-C2C4-452E-B911-20720110DF9B}.Release|Any CPU.Build.0 = Release|Any CPU
	EndGlobalSection
	GlobalSection(SolutionProperties) = preSolution
		HideSolutionNode = FALSE
	EndGlobalSection
	GlobalSection(ExtensibilityGlobals) = postSolution
		SolutionGuid = {6E28444A-E6BF-4916-8B49-4C295A58438F}
	EndGlobalSection
EndGlobal
